
Microsoft Visual Studio Solution File, Format Version 12.00
# Visual Studio Version 17
VisualStudioVersion = 17.5.33502.453
MinimumVisualStudioVersion = 10.0.40219.1
Project("{FAE04EC0-301F-11D3-BF4B-00C04F79EFBC}") = "David Arduino", "David Arduino\David Arduino.csproj", "{5D85A444-D08F-421F-8DFD-B9DCB0272E8B}"
EndProject
Global
	GlobalSection(SolutionConfigurationPlatforms) = preSolution
		Debug|Any CPU = Debug|Any CPU
		Release|Any CPU = Release|Any CPU
	EndGlobalSection
	GlobalSection(ProjectConfigurationPlatforms) = postSolution
		{5D85A444-D08F-421F-8DFD-B9DCB0272E8B}.Debug|Any CPU.ActiveCfg = Debug|Any CPU
		{5D85A444-D08F-421F-8DFD-B9DCB0272E8B}.Debug|Any CPU.Build.0 = Debug|Any CPU
		{5D85A444-D08F-421F-8DFD-B9DCB0272E8B}.Release|Any CPU.ActiveCfg = Release|Any CPU
		{5D85A444-D08F-421F-8DFD-B9DCB0272E8B}.Release|Any CPU.Build.0 = Release|Any CPU
	EndGlobalSection
	GlobalSection(SolutionProperties) = preSolution
		HideSolutionNode = FALSE
	EndGlobalSection
	GlobalSection(ExtensibilityGlobals) = postSolution
		SolutionGuid = {B833840C-36F7-47BC-821A-23B6B5666494}
	EndGlobalSection
EndGlobal
